// !$*UTF8*$!
{
	archiveVersion = 1;
	classes = {
	};
	objectVersion = 50;
	objects = {

/* Begin PBXBuildFile section */
		D212F37022BEEF6D004248FD /* Dice.storyboard in Resources */ = {isa = PBXBuildFile; fileRef = D212F36F22BEEF6D004248FD /* Dice.storyboard */; };
		D2303EC422C6BD2000265541 /* Race-Class.storyboard in Resources */ = {isa = PBXBuildFile; fileRef = D2303EC322C6BD2000265541 /* Race-Class.storyboard */; };
		D2303EC622C6BD3E00265541 /* Race-ClassViewController.swift in Sources */ = {isa = PBXBuildFile; fileRef = D2303EC522C6BD3E00265541 /* Race-ClassViewController.swift */; };
		D23E10F322C6EEC00000C3AF /* GoogleService-Info.plist in Resources */ = {isa = PBXBuildFile; fileRef = D23E10F222C6EEC00000C3AF /* GoogleService-Info.plist */; };
		D26CFA4F22C0166700EB0D4C /* DiceViewController.swift in Sources */ = {isa = PBXBuildFile; fileRef = D26CFA4E22C0166700EB0D4C /* DiceViewController.swift */; };
		D26CFA5122C0350F00EB0D4C /* AbilityScores.storyboard in Resources */ = {isa = PBXBuildFile; fileRef = D26CFA5022C0350F00EB0D4C /* AbilityScores.storyboard */; };
		D26CFA5322C0360F00EB0D4C /* AbilityScoresViewController.swift in Sources */ = {isa = PBXBuildFile; fileRef = D26CFA5222C0360F00EB0D4C /* AbilityScoresViewController.swift */; };
		D2B3CCA122C68C2C008E5FC1 /* CharacterSheetViewController.swift in Sources */ = {isa = PBXBuildFile; fileRef = D2B3CCA022C68C2B008E5FC1 /* CharacterSheetViewController.swift */; };
		D2B3CCA322C68C53008E5FC1 /* CharacterSheet.storyboard in Resources */ = {isa = PBXBuildFile; fileRef = D2B3CCA222C68C53008E5FC1 /* CharacterSheet.storyboard */; };
		D2BC84AD22A6D5F40056F041 /* AppDelegate.swift in Sources */ = {isa = PBXBuildFile; fileRef = D2BC84AC22A6D5F40056F041 /* AppDelegate.swift */; };
		D2BC84AF22A6D5F40056F041 /* MainViewController.swift in Sources */ = {isa = PBXBuildFile; fileRef = D2BC84AE22A6D5F40056F041 /* MainViewController.swift */; };
		D2BC84B222A6D5F40056F041 /* Main.storyboard in Resources */ = {isa = PBXBuildFile; fileRef = D2BC84B022A6D5F40056F041 /* Main.storyboard */; };
		D2BC84B422A6D5F50056F041 /* Assets.xcassets in Resources */ = {isa = PBXBuildFile; fileRef = D2BC84B322A6D5F50056F041 /* Assets.xcassets */; };
		D2BC84B722A6D5F50056F041 /* LaunchScreen.storyboard in Resources */ = {isa = PBXBuildFile; fileRef = D2BC84B522A6D5F50056F041 /* LaunchScreen.storyboard */; };
		D2C9E7F922BC6DD600FA1958 /* DesignableView.swift in Sources */ = {isa = PBXBuildFile; fileRef = D2C9E7F822BC6DD600FA1958 /* DesignableView.swift */; };
/* End PBXBuildFile section */

/* Begin PBXFileReference section */
		D212F36F22BEEF6D004248FD /* Dice.storyboard */ = {isa = PBXFileReference; lastKnownFileType = file.storyboard; path = Dice.storyboard; sourceTree = "<group>"; };
		D2303EC322C6BD2000265541 /* Race-Class.storyboard */ = {isa = PBXFileReference; lastKnownFileType = file.storyboard; path = "Race-Class.storyboard"; sourceTree = "<group>"; };
		D2303EC522C6BD3E00265541 /* Race-ClassViewController.swift */ = {isa = PBXFileReference; lastKnownFileType = sourcecode.swift; path = "Race-ClassViewController.swift"; sourceTree = "<group>"; };
		D23E10F222C6EEC00000C3AF /* GoogleService-Info.plist */ = {isa = PBXFileReference; fileEncoding = 4; lastKnownFileType = text.plist.xml; name = "GoogleService-Info.plist"; path = "../../../../../../../Downloads/GoogleService-Info.plist"; sourceTree = "<group>"; };
		D26CFA4E22C0166700EB0D4C /* DiceViewController.swift */ = {isa = PBXFileReference; lastKnownFileType = sourcecode.swift; path = DiceViewController.swift; sourceTree = "<group>"; };
		D26CFA5022C0350F00EB0D4C /* AbilityScores.storyboard */ = {isa = PBXFileReference; lastKnownFileType = file.storyboard; path = AbilityScores.storyboard; sourceTree = "<group>"; };
		D26CFA5222C0360F00EB0D4C /* AbilityScoresViewController.swift */ = {isa = PBXFileReference; lastKnownFileType = sourcecode.swift; path = AbilityScoresViewController.swift; sourceTree = "<group>"; };
		D2B3CCA022C68C2B008E5FC1 /* CharacterSheetViewController.swift */ = {isa = PBXFileReference; lastKnownFileType = sourcecode.swift; path = CharacterSheetViewController.swift; sourceTree = "<group>"; };
		D2B3CCA222C68C53008E5FC1 /* CharacterSheet.storyboard */ = {isa = PBXFileReference; lastKnownFileType = file.storyboard; path = CharacterSheet.storyboard; sourceTree = "<group>"; };
		D2BC84A922A6D5F40056F041 /* Get Playin!.app */ = {isa = PBXFileReference; explicitFileType = wrapper.application; includeInIndex = 0; path = "Get Playin!.app"; sourceTree = BUILT_PRODUCTS_DIR; };
		D2BC84AC22A6D5F40056F041 /* AppDelegate.swift */ = {isa = PBXFileReference; lastKnownFileType = sourcecode.swift; path = AppDelegate.swift; sourceTree = "<group>"; };
		D2BC84AE22A6D5F40056F041 /* MainViewController.swift */ = {isa = PBXFileReference; lastKnownFileType = sourcecode.swift; path = MainViewController.swift; sourceTree = "<group>"; };
		D2BC84B122A6D5F40056F041 /* Base */ = {isa = PBXFileReference; lastKnownFileType = file.storyboard; name = Base; path = Base.lproj/Main.storyboard; sourceTree = "<group>"; };
		D2BC84B322A6D5F50056F041 /* Assets.xcassets */ = {isa = PBXFileReference; lastKnownFileType = folder.assetcatalog; path = Assets.xcassets; sourceTree = "<group>"; };
		D2BC84B622A6D5F50056F041 /* Base */ = {isa = PBXFileReference; lastKnownFileType = file.storyboard; name = Base; path = Base.lproj/LaunchScreen.storyboard; sourceTree = "<group>"; };
		D2BC84B822A6D5F50056F041 /* Info.plist */ = {isa = PBXFileReference; lastKnownFileType = text.plist.xml; path = Info.plist; sourceTree = "<group>"; };
		D2C9E7F822BC6DD600FA1958 /* DesignableView.swift */ = {isa = PBXFileReference; lastKnownFileType = sourcecode.swift; path = DesignableView.swift; sourceTree = "<group>"; };
/* End PBXFileReference section */

/* Begin PBXFrameworksBuildPhase section */
		D2BC84A622A6D5F40056F041 /* Frameworks */ = {
			isa = PBXFrameworksBuildPhase;
			buildActionMask = 2147483647;
			files = (
			);
			runOnlyForDeploymentPostprocessing = 0;
		};
/* End PBXFrameworksBuildPhase section */

/* Begin PBXGroup section */
		D2BC84A022A6D5F40056F041 = {
			isa = PBXGroup;
			children = (
				D2BC84AB22A6D5F40056F041 /* Get Playin! */,
				D2BC84AA22A6D5F40056F041 /* Products */,
			);
			sourceTree = "<group>";
		};
		D2BC84AA22A6D5F40056F041 /* Products */ = {
			isa = PBXGroup;
			children = (
				D2BC84A922A6D5F40056F041 /* Get Playin!.app */,
			);
			name = Products;
			sourceTree = "<group>";
		};
		D2BC84AB22A6D5F40056F041 /* Get Playin! */ = {
			isa = PBXGroup;
			children = (
				D2BC84AC22A6D5F40056F041 /* AppDelegate.swift */,
				D2C9E7F822BC6DD600FA1958 /* DesignableView.swift */,
				D2BC84B522A6D5F50056F041 /* LaunchScreen.storyboard */,
				D2BC84B022A6D5F40056F041 /* Main.storyboard */,
				D2BC84AE22A6D5F40056F041 /* MainViewController.swift */,
				D212F36F22BEEF6D004248FD /* Dice.storyboard */,
				D26CFA4E22C0166700EB0D4C /* DiceViewController.swift */,
				D26CFA5022C0350F00EB0D4C /* AbilityScores.storyboard */,
				D26CFA5222C0360F00EB0D4C /* AbilityScoresViewController.swift */,
				D2303EC322C6BD2000265541 /* Race-Class.storyboard */,
				D2303EC522C6BD3E00265541 /* Race-ClassViewController.swift */,
				D2B3CCA222C68C53008E5FC1 /* CharacterSheet.storyboard */,
				D2B3CCA022C68C2B008E5FC1 /* CharacterSheetViewController.swift */,
				D2BC84B322A6D5F50056F041 /* Assets.xcassets */,
				D2BC84B822A6D5F50056F041 /* Info.plist */,
				D23E10F222C6EEC00000C3AF /* GoogleService-Info.plist */,
			);
			path = "Get Playin!";
			sourceTree = "<group>";
		};
/* End PBXGroup section */

/* Begin PBXNativeTarget section */
		D2BC84A822A6D5F40056F041 /* Get Playin! */ = {
			isa = PBXNativeTarget;
			buildConfigurationList = D2BC84BB22A6D5F50056F041 /* Build configuration list for PBXNativeTarget "Get Playin!" */;
			buildPhases = (
				D2BC84A522A6D5F40056F041 /* Sources */,
				D2BC84A622A6D5F40056F041 /* Frameworks */,
				D2BC84A722A6D5F40056F041 /* Resources */,
			);
			buildRules = (
			);
			dependencies = (
			);
			name = "Get Playin!";
			productName = "Get Playin!";
			productReference = D2BC84A922A6D5F40056F041 /* Get Playin!.app */;
			productType = "com.apple.product-type.application";
		};
/* End PBXNativeTarget section */

/* Begin PBXProject section */
		D2BC84A122A6D5F40056F041 /* Project object */ = {
			isa = PBXProject;
			attributes = {
				LastSwiftUpdateCheck = 1010;
				LastUpgradeCheck = 1010;
				ORGANIZATIONNAME = "scott shelton";
				TargetAttributes = {
					D2BC84A822A6D5F40056F041 = {
						CreatedOnToolsVersion = 10.1;
					};
				};
			};
			buildConfigurationList = D2BC84A422A6D5F40056F041 /* Build configuration list for PBXProject "Get Playin!" */;
			compatibilityVersion = "Xcode 9.3";
			developmentRegion = en;
			hasScannedForEncodings = 0;
			knownRegions = (
				en,
				Base,
			);
			mainGroup = D2BC84A022A6D5F40056F041;
			productRefGroup = D2BC84AA22A6D5F40056F041 /* Products */;
			projectDirPath = "";
			projectRoot = "";
			targets = (
				D2BC84A822A6D5F40056F041 /* Get Playin! */,
			);
		};
/* End PBXProject section */

/* Begin PBXResourcesBuildPhase section */
		D2BC84A722A6D5F40056F041 /* Resources */ = {
			isa = PBXResourcesBuildPhase;
			buildActionMask = 2147483647;
			files = (
				D2BC84B722A6D5F50056F041 /* LaunchScreen.storyboard in Resources */,
				D23E10F322C6EEC00000C3AF /* GoogleService-Info.plist in Resources */,
				D2BC84B422A6D5F50056F041 /* Assets.xcassets in Resources */,
				D2B3CCA322C68C53008E5FC1 /* CharacterSheet.storyboard in Resources */,
				D26CFA5122C0350F00EB0D4C /* AbilityScores.storyboard in Resources */,
				D2303EC422C6BD2000265541 /* Race-Class.storyboard in Resources */,
				D2BC84B222A6D5F40056F041 /* Main.storyboard in Resources */,
				D212F37022BEEF6D004248FD /* Dice.storyboard in Resources */,
			);
			runOnlyForDeploymentPostprocessing = 0;
		};
/* End PBXResourcesBuildPhase section */

/* Begin PBXSourcesBuildPhase section */
		D2BC84A522A6D5F40056F041 /* Sources */ = {
			isa = PBXSourcesBuildPhase;
			buildActionMask = 2147483647;
			files = (
				D2B3CCA122C68C2C008E5FC1 /* CharacterSheetViewController.swift in Sources */,
				D2303EC622C6BD3E00265541 /* Race-ClassViewController.swift in Sources */,
				D26CFA5322C0360F00EB0D4C /* AbilityScoresViewController.swift in Sources */,
				D2BC84AF22A6D5F40056F041 /* MainViewController.swift in Sources */,
				D2BC84AD22A6D5F40056F041 /* AppDelegate.swift in Sources */,
				D2C9E7F922BC6DD600FA1958 /* DesignableView.swift in Sources */,
				D26CFA4F22C0166700EB0D4C /* DiceViewController.swift in Sources */,
			);
			runOnlyForDeploymentPostprocessing = 0;
		};
/* End PBXSourcesBuildPhase section */

/* Begin PBXVariantGroup section */
		D2BC84B022A6D5F40056F041 /* Main.storyboard */ = {
			isa = PBXVariantGroup;
			children = (
				D2BC84B122A6D5F40056F041 /* Base */,
			);
			name = Main.storyboard;
			sourceTree = "<group>";
		};
		D2BC84B522A6D5F50056F041 /* LaunchScreen.storyboard */ = {
			isa = PBXVariantGroup;
			children = (
				D2BC84B622A6D5F50056F041 /* Base */,
			);
			name = LaunchScreen.storyboard;
			sourceTree = "<group>";
		};
/* End PBXVariantGroup section */

/* Begin XCBuildConfiguration section */
		D2BC84B922A6D5F50056F041 /* Debug */ = {
			isa = XCBuildConfiguration;
			buildSettings = {
				ALWAYS_SEARCH_USER_PATHS = NO;
				CLANG_ANALYZER_NONNULL = YES;
				CLANG_ANALYZER_NUMBER_OBJECT_CONVERSION = YES_AGGRESSIVE;
				CLANG_CXX_LANGUAGE_STANDARD = "gnu++14";
				CLANG_CXX_LIBRARY = "libc++";
				CLANG_ENABLE_MODULES = YES;
				CLANG_ENABLE_OBJC_ARC = YES;
				CLANG_ENABLE_OBJC_WEAK = YES;
				CLANG_WARN_BLOCK_CAPTURE_AUTORELEASING = YES;
				CLANG_WARN_BOOL_CONVERSION = YES;
				CLANG_WARN_COMMA = YES;
				CLANG_WARN_CONSTANT_CONVERSION = YES;
				CLANG_WARN_DEPRECATED_OBJC_IMPLEMENTATIONS = YES;
				CLANG_WARN_DIRECT_OBJC_ISA_USAGE = YES_ERROR;
				CLANG_WARN_DOCUMENTATION_COMMENTS = YES;
				CLANG_WARN_EMPTY_BODY = YES;
				CLANG_WARN_ENUM_CONVERSION = YES;
				CLANG_WARN_INFINITE_RECURSION = YES;
				CLANG_WARN_INT_CONVERSION = YES;
				CLANG_WARN_NON_LITERAL_NULL_CONVERSION = YES;
				CLANG_WARN_OBJC_IMPLICIT_RETAIN_SELF = YES;
				CLANG_WARN_OBJC_LITERAL_CONVERSION = YES;
				CLANG_WARN_OBJC_ROOT_CLASS = YES_ERROR;
				CLANG_WARN_RANGE_LOOP_ANALYSIS = YES;
				CLANG_WARN_STRICT_PROTOTYPES = YES;
				CLANG_WARN_SUSPICIOUS_MOVE = YES;
				CLANG_WARN_UNGUARDED_AVAILABILITY = YES_AGGRESSIVE;
				CLANG_WARN_UNREACHABLE_CODE = YES;
				CLANG_WARN__DUPLICATE_METHOD_MATCH = YES;
				CODE_SIGN_IDENTITY = "iPhone Developer";
				COPY_PHASE_STRIP = NO;
				DEBUG_INFORMATION_FORMAT = dwarf;
				ENABLE_STRICT_OBJC_MSGSEND = YES;
				ENABLE_TESTABILITY = YES;
				GCC_C_LANGUAGE_STANDARD = gnu11;
				GCC_DYNAMIC_NO_PIC = NO;
				GCC_NO_COMMON_BLOCKS = YES;
				GCC_OPTIMIZATION_LEVEL = 0;
				GCC_PREPROCESSOR_DEFINITIONS = (
					"DEBUG=1",
					"$(inherited)",
				);
				GCC_WARN_64_TO_32_BIT_CONVERSION = YES;
				GCC_WARN_ABOUT_RETURN_TYPE = YES_ERROR;
				GCC_WARN_UNDECLARED_SELECTOR = YES;
				GCC_WARN_UNINITIALIZED_AUTOS = YES_AGGRESSIVE;
				GCC_WARN_UNUSED_FUNCTION = YES;
				GCC_WARN_UNUSED_VARIABLE = YES;
				IPHONEOS_DEPLOYMENT_TARGET = 12.1;
				MTL_ENABLE_DEBUG_INFO = INCLUDE_SOURCE;
				MTL_FAST_MATH = YES;
				ONLY_ACTIVE_ARCH = YES;
				SDKROOT = iphoneos;
				SWIFT_ACTIVE_COMPILATION_CONDITIONS = DEBUG;
				SWIFT_OPTIMIZATION_LEVEL = "-Onone";
			};
			name = Debug;
		};
		D2BC84BA22A6D5F50056F041 /* Release */ = {
			isa = XCBuildConfiguration;
			buildSettings = {
				ALWAYS_SEARCH_USER_PATHS = NO;
				CLANG_ANALYZER_NONNULL = YES;
				CLANG_ANALYZER_NUMBER_OBJECT_CONVERSION = YES_AGGRESSIVE;
				CLANG_CXX_LANGUAGE_STANDARD = "gnu++14";
				CLANG_CXX_LIBRARY = "libc++";
				CLANG_ENABLE_MODULES = YES;
				CLANG_ENABLE_OBJC_ARC = YES;
				CLANG_ENABLE_OBJC_WEAK = YES;
				CLANG_WARN_BLOCK_CAPTURE_AUTORELEASING = YES;
				CLANG_WARN_BOOL_CONVERSION = YES;
				CLANG_WARN_COMMA = YES;
				CLANG_WARN_CONSTANT_CONVERSION = YES;
				CLANG_WARN_DEPRECATED_OBJC_IMPLEMENTATIONS = YES;
				CLANG_WARN_DIRECT_OBJC_ISA_USAGE = YES_ERROR;
				CLANG_WARN_DOCUMENTATION_COMMENTS = YES;
				CLANG_WARN_EMPTY_BODY = YES;
				CLANG_WARN_ENUM_CONVERSION = YES;
				CLANG_WARN_INFINITE_RECURSION = YES;
				CLANG_WARN_INT_CONVERSION = YES;
				CLANG_WARN_NON_LITERAL_NULL_CONVERSION = YES;
				CLANG_WARN_OBJC_IMPLICIT_RETAIN_SELF = YES;
				CLANG_WARN_OBJC_LITERAL_CONVERSION = YES;
				CLANG_WARN_OBJC_ROOT_CLASS = YES_ERROR;
				CLANG_WARN_RANGE_LOOP_ANALYSIS = YES;
				CLANG_WARN_STRICT_PROTOTYPES = YES;
				CLANG_WARN_SUSPICIOUS_MOVE = YES;
				CLANG_WARN_UNGUARDED_AVAILABILITY = YES_AGGRESSIVE;
				CLANG_WARN_UNREACHABLE_CODE = YES;
				CLANG_WARN__DUPLICATE_METHOD_MATCH = YES;
				CODE_SIGN_IDENTITY = "iPhone Developer";
				COPY_PHASE_STRIP = NO;
				DEBUG_INFORMATION_FORMAT = "dwarf-with-dsym";
				ENABLE_NS_ASSERTIONS = NO;
				ENABLE_STRICT_OBJC_MSGSEND = YES;
				GCC_C_LANGUAGE_STANDARD = gnu11;
				GCC_NO_COMMON_BLOCKS = YES;
				GCC_WARN_64_TO_32_BIT_CONVERSION = YES;
				GCC_WARN_ABOUT_RETURN_TYPE = YES_ERROR;
				GCC_WARN_UNDECLARED_SELECTOR = YES;
				GCC_WARN_UNINITIALIZED_AUTOS = YES_AGGRESSIVE;
				GCC_WARN_UNUSED_FUNCTION = YES;
				GCC_WARN_UNUSED_VARIABLE = YES;
				IPHONEOS_DEPLOYMENT_TARGET = 12.1;
				MTL_ENABLE_DEBUG_INFO = NO;
				MTL_FAST_MATH = YES;
				SDKROOT = iphoneos;
				SWIFT_COMPILATION_MODE = wholemodule;
				SWIFT_OPTIMIZATION_LEVEL = "-O";
				VALIDATE_PRODUCT = YES;
			};
			name = Release;
		};
		D2BC84BC22A6D5F50056F041 /* Debug */ = {
			isa = XCBuildConfiguration;
			buildSettings = {
				ASSETCATALOG_COMPILER_APPICON_NAME = AppIcon;
				CODE_SIGN_STYLE = Automatic;
				DEVELOPMENT_TEAM = K42285HR6T;
				INFOPLIST_FILE = "Get Playin!/Info.plist";
				LD_RUNPATH_SEARCH_PATHS = (
					"$(inherited)",
					"@executable_path/Frameworks",
				);
				PRODUCT_BUNDLE_IDENTIFIER = "com.sheltonscott.Get-Playin-";
				PRODUCT_NAME = "$(TARGET_NAME)";
				SWIFT_VERSION = 4.2;
				TARGETED_DEVICE_FAMILY = "1,2";
			};
			name = Debug;
		};
		D2BC84BD22A6D5F50056F041 /* Release */ = {
			isa = XCBuildConfiguration;
			buildSettings = {
				ASSETCATALOG_COMPILER_APPICON_NAME = AppIcon;
				CODE_SIGN_STYLE = Automatic;
				DEVELOPMENT_TEAM = K42285HR6T;
				INFOPLIST_FILE = "Get Playin!/Info.plist";
				LD_RUNPATH_SEARCH_PATHS = (
					"$(inherited)",
					"@executable_path/Frameworks",
				);
				PRODUCT_BUNDLE_IDENTIFIER = "com.sheltonscott.Get-Playin-";
				PRODUCT_NAME = "$(TARGET_NAME)";
				SWIFT_VERSION = 4.2;
				TARGETED_DEVICE_FAMILY = "1,2";
			};
			name = Release;
		};
/* End XCBuildConfiguration section */

/* Begin XCConfigurationList section */
		D2BC84A422A6D5F40056F041 /* Build configuration list for PBXProject "Get Playin!" */ = {
			isa = XCConfigurationList;
			buildConfigurations = (
				D2BC84B922A6D5F50056F041 /* Debug */,
				D2BC84BA22A6D5F50056F041 /* Release */,
			);
			defaultConfigurationIsVisible = 0;
			defaultConfigurationName = Release;
		};
		D2BC84BB22A6D5F50056F041 /* Build configuration list for PBXNativeTarget "Get Playin!" */ = {
			isa = XCConfigurationList;
			buildConfigurations = (
				D2BC84BC22A6D5F50056F041 /* Debug */,
				D2BC84BD22A6D5F50056F041 /* Release */,
			);
			defaultConfigurationIsVisible = 0;
			defaultConfigurationName = Release;
		};
/* End XCConfigurationList section */
	};
	rootObject = D2BC84A122A6D5F40056F041 /* Project object */;
}
